
Microsoft Visual Studio Solution File, Format Version 12.00
# Visual Studio Version 17
VisualStudioVersion = 17.7.34221.43
MinimumVisualStudioVersion = 10.0.40219.1
Project("{2150E333-8FDC-42A3-9474-1A3956D46DE8}") = "Config", "Config", "{C672C93F-3BE0-4989-9335-CBA6AC8DA40F}"
EndProject
Project("{9A19103F-16F7-4668-BE54-9A1E7A4F7556}") = "Config", "Config\Config.csproj", "{027751BD-E172-4A82-81A1-8F99492D0CE8}"
	ProjectSection(ProjectDependencies) = postProject
		{4E9A8143-66BB-4D4C-AB07-088A1CB857B1} = {4E9A8143-66BB-4D4C-AB07-088A1CB857B1}
	EndProjectSection
EndProject
Project("{2150E333-8FDC-42A3-9474-1A3956D46DE8}") = "Emulators", "Emulators", "{672FEB29-FF5F-47E2-B629-800EC8BB650C}"
EndProject
Project("{9A19103F-16F7-4668-BE54-9A1E7A4F7556}") = "LoginServer", "LoginServer\LoginServer.csproj", "{E3F4A24F-D9D7-4097-BA3C-3CEDEB7547BA}"
	ProjectSection(ProjectDependencies) = postProject
		{027751BD-E172-4A82-81A1-8F99492D0CE8} = {027751BD-E172-4A82-81A1-8F99492D0CE8}
		{4E9A8143-66BB-4D4C-AB07-088A1CB857B1} = {4E9A8143-66BB-4D4C-AB07-088A1CB857B1}
		{D3145E19-1A74-4924-9525-497502D88AA8} = {D3145E19-1A74-4924-9525-497502D88AA8}
	EndProjectSection
EndProject
Project("{2150E333-8FDC-42A3-9474-1A3956D46DE8}") = "Core", "Core", "{95E32991-4601-40B1-A1AC-8CE61703D035}"
EndProject
Project("{9A19103F-16F7-4668-BE54-9A1E7A4F7556}") = "Core", "Core\Core.csproj", "{4E9A8143-66BB-4D4C-AB07-088A1CB857B1}"
EndProject
Project("{2150E333-8FDC-42A3-9474-1A3956D46DE8}") = "Shared", "Shared", "{B11A431F-C47C-4910-BC45-29D0B091E948}"
EndProject
Project("{9A19103F-16F7-4668-BE54-9A1E7A4F7556}") = "Shared", "Shared\Shared.csproj", "{D3145E19-1A74-4924-9525-497502D88AA8}"
EndProject
Project("{FAE04EC0-301F-11D3-BF4B-00C04F79EFBC}") = "CharServer", "CharServer\CharServer.csproj", "{F0D38105-9E89-4343-A855-0EB219D35D6D}"
EndProject
Global
	GlobalSection(SolutionConfigurationPlatforms) = preSolution
		Debug|Any CPU = Debug|Any CPU
		Release|Any CPU = Release|Any CPU
	EndGlobalSection
	GlobalSection(ProjectConfigurationPlatforms) = postSolution
		{027751BD-E172-4A82-81A1-8F99492D0CE8}.Debug|Any CPU.ActiveCfg = Debug|Any CPU
		{027751BD-E172-4A82-81A1-8F99492D0CE8}.Debug|Any CPU.Build.0 = Debug|Any CPU
		{027751BD-E172-4A82-81A1-8F99492D0CE8}.Release|Any CPU.ActiveCfg = Release|Any CPU
		{027751BD-E172-4A82-81A1-8F99492D0CE8}.Release|Any CPU.Build.0 = Release|Any CPU
		{E3F4A24F-D9D7-4097-BA3C-3CEDEB7547BA}.Debug|Any CPU.ActiveCfg = Debug|Any CPU
		{E3F4A24F-D9D7-4097-BA3C-3CEDEB7547BA}.Debug|Any CPU.Build.0 = Debug|Any CPU
		{E3F4A24F-D9D7-4097-BA3C-3CEDEB7547BA}.Release|Any CPU.ActiveCfg = Release|Any CPU
		{E3F4A24F-D9D7-4097-BA3C-3CEDEB7547BA}.Release|Any CPU.Build.0 = Release|Any CPU
		{4E9A8143-66BB-4D4C-AB07-088A1CB857B1}.Debug|Any CPU.ActiveCfg = Debug|Any CPU
		{4E9A8143-66BB-4D4C-AB07-088A1CB857B1}.Debug|Any CPU.Build.0 = Debug|Any CPU
		{4E9A8143-66BB-4D4C-AB07-088A1CB857B1}.Release|Any CPU.ActiveCfg = Release|Any CPU
		{4E9A8143-66BB-4D4C-AB07-088A1CB857B1}.Release|Any CPU.Build.0 = Release|Any CPU
		{D3145E19-1A74-4924-9525-497502D88AA8}.Debug|Any CPU.ActiveCfg = Debug|Any CPU
		{D3145E19-1A74-4924-9525-497502D88AA8}.Debug|Any CPU.Build.0 = Debug|Any CPU
		{D3145E19-1A74-4924-9525-497502D88AA8}.Release|Any CPU.ActiveCfg = Release|Any CPU
		{D3145E19-1A74-4924-9525-497502D88AA8}.Release|Any CPU.Build.0 = Release|Any CPU
		{F0D38105-9E89-4343-A855-0EB219D35D6D}.Debug|Any CPU.ActiveCfg = Debug|Any CPU
		{F0D38105-9E89-4343-A855-0EB219D35D6D}.Debug|Any CPU.Build.0 = Debug|Any CPU
		{F0D38105-9E89-4343-A855-0EB219D35D6D}.Release|Any CPU.ActiveCfg = Release|Any CPU
		{F0D38105-9E89-4343-A855-0EB219D35D6D}.Release|Any CPU.Build.0 = Release|Any CPU
	EndGlobalSection
	GlobalSection(SolutionProperties) = preSolution
		HideSolutionNode = FALSE
	EndGlobalSection
	GlobalSection(NestedProjects) = preSolution
		{027751BD-E172-4A82-81A1-8F99492D0CE8} = {C672C93F-3BE0-4989-9335-CBA6AC8DA40F}
		{E3F4A24F-D9D7-4097-BA3C-3CEDEB7547BA} = {672FEB29-FF5F-47E2-B629-800EC8BB650C}
		{4E9A8143-66BB-4D4C-AB07-088A1CB857B1} = {95E32991-4601-40B1-A1AC-8CE61703D035}
		{D3145E19-1A74-4924-9525-497502D88AA8} = {B11A431F-C47C-4910-BC45-29D0B091E948}
		{F0D38105-9E89-4343-A855-0EB219D35D6D} = {672FEB29-FF5F-47E2-B629-800EC8BB650C}
	EndGlobalSection
	GlobalSection(ExtensibilityGlobals) = postSolution
		SolutionGuid = {799E7729-09DE-471C-A621-0418B99681DE}
	EndGlobalSection
EndGlobal
